{
  "version": 4,
  "terraform_version": "1.3.7",
  "serial": 14,
  "lineage": "0fcdc2ea-2ca9-e20b-eff4-38f30ca8d11f",
  "outputs": {
    "cluster_url": {
      "value": "https://dbc-730ac618-237e.cloud.databricks.com/#setting/clusters/0209-112327-qiclaafh/configuration",
      "type": "string"
    }
  },
  "resources": [
    {
      "mode": "data",
      "type": "databricks_current_user",
      "name": "me",
      "provider": "provider[\"registry.terraform.io/databricks/databricks\"]",
      "instances": [
        {
          "schema_version": 0,
          "attributes": {
            "alphanumeric": "rajiv_singh",
            "external_id": "",
            "home": "/Users/rajiv.singh@tothenew.com",
            "id": "2317322890239299",
            "repos": "/Repos/rajiv.singh@tothenew.com",
            "user_name": "rajiv.singh@tothenew.com",
            "workspace_url": "https://dbc-730ac618-237e.cloud.databricks.com"
          },
          "sensitive_attributes": []
        }
      ]
    },
    {
      "mode": "data",
      "type": "databricks_node_type",
      "name": "smallest",
      "provider": "provider[\"registry.terraform.io/databricks/databricks\"]",
      "instances": [
        {
          "schema_version": 0,
          "attributes": {
            "category": null,
            "fleet": null,
            "gb_per_core": null,
            "graviton": null,
            "id": "m5d.large",
            "is_io_cache_enabled": null,
            "local_disk": true,
            "local_disk_min_size": null,
            "min_cores": null,
            "min_gpus": null,
            "min_memory_gb": null,
            "photon_driver_capable": null,
            "photon_worker_capable": null,
            "support_port_forwarding": null,
            "vcpu": null
          },
          "sensitive_attributes": []
        }
      ]
    },
    {
      "mode": "data",
      "type": "databricks_spark_version",
      "name": "latest_lts",
      "provider": "provider[\"registry.terraform.io/databricks/databricks\"]",
      "instances": [
        {
          "schema_version": 0,
          "attributes": {
            "beta": null,
            "genomics": null,
            "gpu": null,
            "graviton": null,
            "id": "11.3.x-scala2.12",
            "latest": true,
            "long_term_support": true,
            "ml": null,
            "photon": null,
            "scala": "2.12",
            "spark_version": null
          },
          "sensitive_attributes": []
        }
      ]
    },
    {
      "mode": "managed",
      "type": "databricks_cluster",
      "name": "this",
      "provider": "provider[\"registry.terraform.io/databricks/databricks\"]",
      "instances": [
        {
          "schema_version": 2,
          "attributes": {
            "apply_policy_default_values": null,
            "autoscale": [],
            "autotermination_minutes": 60,
            "aws_attributes": [
              {
                "availability": "SPOT_WITH_FALLBACK",
                "ebs_volume_count": 0,
                "ebs_volume_size": 0,
                "ebs_volume_type": "",
                "first_on_demand": 0,
                "instance_profile_arn": "",
                "spot_bid_price_percent": 100,
                "zone_id": "ap-south-1c"
              }
            ],
            "azure_attributes": [],
            "cluster_id": "0209-112327-qiclaafh",
            "cluster_log_conf": [],
            "cluster_mount_info": [],
            "cluster_name": "My Cluster",
            "custom_tags": null,
            "data_security_mode": null,
            "default_tags": {
              "ClusterId": "0209-112327-qiclaafh",
              "ClusterName": "My Cluster",
              "Creator": "rajiv.singh@tothenew.com",
              "Vendor": "Databricks"
            },
            "docker_image": [],
            "driver_instance_pool_id": null,
            "driver_node_type_id": "m5d.large",
            "enable_elastic_disk": false,
            "enable_local_disk_encryption": false,
            "gcp_attributes": [],
            "id": "0209-112327-qiclaafh",
            "idempotency_token": null,
            "init_scripts": [],
            "instance_pool_id": null,
            "is_pinned": false,
            "library": [],
            "node_type_id": "m5d.large",
            "num_workers": 1,
            "policy_id": null,
            "runtime_engine": null,
            "single_user_name": null,
            "spark_conf": null,
            "spark_env_vars": null,
            "spark_version": "11.3.x-scala2.12",
            "ssh_public_keys": null,
            "state": "RUNNING",
            "timeouts": null,
            "url": "https://dbc-730ac618-237e.cloud.databricks.com/#setting/clusters/0209-112327-qiclaafh/configuration",
            "workload_type": []
          },
          "sensitive_attributes": [],
          "private": "eyJlMmJmYjczMC1lY2FhLTExZTYtOGY4OC0zNDM2M2JjN2M0YzAiOnsiY3JlYXRlIjoxODAwMDAwMDAwMDAwLCJkZWxldGUiOjE4MDAwMDAwMDAwMDAsInVwZGF0ZSI6MTgwMDAwMDAwMDAwMH0sInNjaGVtYV92ZXJzaW9uIjoiMiJ9",
          "dependencies": [
            "data.databricks_node_type.smallest",
            "data.databricks_spark_version.latest_lts"
          ]
        }
      ]
    },
    {
      "mode": "managed",
      "type": "databricks_job",
      "name": "new_job",
      "provider": "provider[\"registry.terraform.io/databricks/databricks\"]",
      "instances": [
        {
          "schema_version": 2,
          "attributes": {
            "always_running": false,
            "dbt_task": [],
            "email_notifications": [
              {
                "alert_on_last_attempt": false,
                "no_alert_for_skipped_runs": false,
                "on_failure": [],
                "on_start": [],
                "on_success": []
              }
            ],
            "existing_cluster_id": null,
            "format": "MULTI_TASK",
            "git_source": [
              {
                "branch": "branch",
                "commit": "",
                "provider": "awsCodeCommit",
                "tag": "",
                "url": "https://git-codecommit.us-east-1.amazonaws.com/v1/repos/vertex-cdl-lambda-new-repo"
              }
            ],
            "id": "887514571126466",
            "job_cluster": [],
            "library": [],
            "max_concurrent_runs": 1,
            "max_retries": 0,
            "min_retry_interval_millis": 0,
            "name": "cdl-poc-terraform",
            "new_cluster": [],
            "notebook_task": [],
            "pipeline_task": [],
            "python_wheel_task": [],
            "retry_on_timeout": false,
            "schedule": [],
            "spark_jar_task": [],
            "spark_python_task": [],
            "spark_submit_task": [],
            "tags": null,
            "task": [
              {
                "dbt_task": [],
                "depends_on": [],
                "description": "",
                "email_notifications": [
                  {
                    "alert_on_last_attempt": false,
                    "no_alert_for_skipped_runs": false,
                    "on_failure": [],
                    "on_start": [],
                    "on_success": []
                  }
                ],
                "existing_cluster_id": "0207-110440-flg8koe8",
                "job_cluster_key": "",
                "library": [],
                "max_retries": 0,
                "min_retry_interval_millis": 0,
                "new_cluster": [],
                "notebook_task": [],
                "pipeline_task": [],
                "python_wheel_task": [],
                "retry_on_timeout": false,
                "spark_jar_task": [],
                "spark_python_task": [
                  {
                    "parameters": [],
                    "python_file": "/Repos/rajiv.singh@tothenew.com/vertex-cdl-lambda-new-repo/app.py"
                  }
                ],
                "spark_submit_task": [],
                "sql_task": [],
                "task_key": "cdl-poc-1",
                "timeout_seconds": 0
              },
              {
                "dbt_task": [],
                "depends_on": [],
                "description": "",
                "email_notifications": [
                  {
                    "alert_on_last_attempt": false,
                    "no_alert_for_skipped_runs": false,
                    "on_failure": [],
                    "on_start": [],
                    "on_success": []
                  }
                ],
                "existing_cluster_id": "0207-110440-flg8koe8",
                "job_cluster_key": "",
                "library": [],
                "max_retries": 0,
                "min_retry_interval_millis": 0,
                "new_cluster": [],
                "notebook_task": [],
                "pipeline_task": [],
                "python_wheel_task": [],
                "retry_on_timeout": false,
                "spark_jar_task": [],
                "spark_python_task": [
                  {
                    "parameters": [],
                    "python_file": "/Repos/rajiv.singh@tothenew.com/vertex-cdl-lambda-new-repo/cdk_lambda/cdk_lambda_stack.py"
                  }
                ],
                "spark_submit_task": [],
                "sql_task": [],
                "task_key": "cdl-poc-2",
                "timeout_seconds": 0
              },
              {
                "dbt_task": [],
                "depends_on": [
                  {
                    "task_key": "cdl-poc-2"
                  }
                ],
                "description": "",
                "email_notifications": [
                  {
                    "alert_on_last_attempt": false,
                    "no_alert_for_skipped_runs": false,
                    "on_failure": [],
                    "on_start": [],
                    "on_success": []
                  }
                ],
                "existing_cluster_id": "0207-110440-flg8koe8",
                "job_cluster_key": "",
                "library": [],
                "max_retries": 0,
                "min_retry_interval_millis": 0,
                "new_cluster": [],
                "notebook_task": [],
                "pipeline_task": [],
                "python_wheel_task": [],
                "retry_on_timeout": false,
                "spark_jar_task": [],
                "spark_python_task": [
                  {
                    "parameters": [],
                    "python_file": "/Repos/rajiv.singh@tothenew.com/vertex-cdl-lambda-new-repo/cdk_lambda/cdk_lambda_stack.py"
                  }
                ],
                "spark_submit_task": [],
                "sql_task": [],
                "task_key": "cdl-poc-4",
                "timeout_seconds": 0
              }
            ],
            "timeout_seconds": 0,
            "timeouts": {
              "create": null,
              "update": null
            },
            "url": "https://dbc-730ac618-237e.cloud.databricks.com/#job/887514571126466",
            "webhook_notifications": [
              {
                "on_failure": [],
                "on_start": [],
                "on_success": []
              }
            ]
          },
          "sensitive_attributes": [],
          "private": "eyJlMmJmYjczMC1lY2FhLTExZTYtOGY4OC0zNDM2M2JjN2M0YzAiOnsiY3JlYXRlIjoxODAwMDAwMDAwMDAwLCJ1cGRhdGUiOjE4MDAwMDAwMDAwMDB9LCJzY2hlbWFfdmVyc2lvbiI6IjIifQ=="
        }
      ]
    }
  ],
  "check_results": null
}
